
Microsoft Visual Studio Solution File, Format Version 12.00
Project("{FAE04EC0-301F-11D3-BF4B-00C04F79EFBC}") = "Core", "src\Core\Core.csproj", "{457D653B-5178-4AD5-AB2F-5475C349B412}"
EndProject
Project("{FAE04EC0-301F-11D3-BF4B-00C04F79EFBC}") = "Infrastructure", "src\Infrastructure\Infrastructure.csproj", "{975D9A39-83BC-4FD1-9703-C7B90FF237D0}"
EndProject
Project("{FAE04EC0-301F-11D3-BF4B-00C04F79EFBC}") = "Application", "src\Application\Application.csproj", "{FB1141E1-9CDF-4E60-BBA3-347418F15451}"
EndProject
Project("{2150E333-8FDC-42A3-9474-1A3956D46DE8}") = "Test", "Test", "{80E20B46-04B6-4505-BA08-4606410BBF07}"
EndProject
Project("{2150E333-8FDC-42A3-9474-1A3956D46DE8}") = "Application", "Application", "{0CCE3C17-9793-4826-9FD1-E9AF01DA032F}"
EndProject
Project("{FAE04EC0-301F-11D3-BF4B-00C04F79EFBC}") = "Application.Tests", "tests\Application.Tests\Application.Tests.csproj", "{696F0500-7404-4215-950E-EF9A68880451}"
EndProject
Project("{FAE04EC0-301F-11D3-BF4B-00C04F79EFBC}") = "Core.Tests", "tests\Core.Tests\Core.Tests.csproj", "{215D892F-7CFE-44DA-B0E5-CA06B8DDB306}"
EndProject
Project("{FAE04EC0-301F-11D3-BF4B-00C04F79EFBC}") = "Api.Tests", "tests\Api.Tests\Api.Tests.csproj", "{4B5ADCDE-30EC-4E69-98F8-94A1EFAFD6EF}"
EndProject
Project("{2150E333-8FDC-42A3-9474-1A3956D46DE8}") = "Presentation", "Presentation", "{66D26AF5-85D7-47A2-A128-FB0FDD7FDEA3}"
EndProject
Project("{FAE04EC0-301F-11D3-BF4B-00C04F79EFBC}") = "Api", "src\Api\Api.csproj", "{CA3FB62A-E952-4C50-B8CC-16C36AD455C7}"
EndProject
Global
	GlobalSection(SolutionConfigurationPlatforms) = preSolution
		Debug|Any CPU = Debug|Any CPU
		Release|Any CPU = Release|Any CPU
	EndGlobalSection
	GlobalSection(ProjectConfigurationPlatforms) = postSolution
		{457D653B-5178-4AD5-AB2F-5475C349B412}.Debug|Any CPU.ActiveCfg = Debug|Any CPU
		{457D653B-5178-4AD5-AB2F-5475C349B412}.Debug|Any CPU.Build.0 = Debug|Any CPU
		{457D653B-5178-4AD5-AB2F-5475C349B412}.Release|Any CPU.ActiveCfg = Release|Any CPU
		{457D653B-5178-4AD5-AB2F-5475C349B412}.Release|Any CPU.Build.0 = Release|Any CPU
		{975D9A39-83BC-4FD1-9703-C7B90FF237D0}.Debug|Any CPU.ActiveCfg = Debug|Any CPU
		{975D9A39-83BC-4FD1-9703-C7B90FF237D0}.Debug|Any CPU.Build.0 = Debug|Any CPU
		{975D9A39-83BC-4FD1-9703-C7B90FF237D0}.Release|Any CPU.ActiveCfg = Release|Any CPU
		{975D9A39-83BC-4FD1-9703-C7B90FF237D0}.Release|Any CPU.Build.0 = Release|Any CPU
		{FB1141E1-9CDF-4E60-BBA3-347418F15451}.Debug|Any CPU.ActiveCfg = Debug|Any CPU
		{FB1141E1-9CDF-4E60-BBA3-347418F15451}.Debug|Any CPU.Build.0 = Debug|Any CPU
		{FB1141E1-9CDF-4E60-BBA3-347418F15451}.Release|Any CPU.ActiveCfg = Release|Any CPU
		{FB1141E1-9CDF-4E60-BBA3-347418F15451}.Release|Any CPU.Build.0 = Release|Any CPU
		{696F0500-7404-4215-950E-EF9A68880451}.Debug|Any CPU.ActiveCfg = Debug|Any CPU
		{696F0500-7404-4215-950E-EF9A68880451}.Debug|Any CPU.Build.0 = Debug|Any CPU
		{696F0500-7404-4215-950E-EF9A68880451}.Release|Any CPU.ActiveCfg = Release|Any CPU
		{696F0500-7404-4215-950E-EF9A68880451}.Release|Any CPU.Build.0 = Release|Any CPU
		{215D892F-7CFE-44DA-B0E5-CA06B8DDB306}.Debug|Any CPU.ActiveCfg = Debug|Any CPU
		{215D892F-7CFE-44DA-B0E5-CA06B8DDB306}.Debug|Any CPU.Build.0 = Debug|Any CPU
		{215D892F-7CFE-44DA-B0E5-CA06B8DDB306}.Release|Any CPU.ActiveCfg = Release|Any CPU
		{215D892F-7CFE-44DA-B0E5-CA06B8DDB306}.Release|Any CPU.Build.0 = Release|Any CPU
		{4B5ADCDE-30EC-4E69-98F8-94A1EFAFD6EF}.Debug|Any CPU.ActiveCfg = Debug|Any CPU
		{4B5ADCDE-30EC-4E69-98F8-94A1EFAFD6EF}.Debug|Any CPU.Build.0 = Debug|Any CPU
		{4B5ADCDE-30EC-4E69-98F8-94A1EFAFD6EF}.Release|Any CPU.ActiveCfg = Release|Any CPU
		{4B5ADCDE-30EC-4E69-98F8-94A1EFAFD6EF}.Release|Any CPU.Build.0 = Release|Any CPU
		{CA3FB62A-E952-4C50-B8CC-16C36AD455C7}.Debug|Any CPU.ActiveCfg = Debug|Any CPU
		{CA3FB62A-E952-4C50-B8CC-16C36AD455C7}.Debug|Any CPU.Build.0 = Debug|Any CPU
		{CA3FB62A-E952-4C50-B8CC-16C36AD455C7}.Release|Any CPU.ActiveCfg = Release|Any CPU
		{CA3FB62A-E952-4C50-B8CC-16C36AD455C7}.Release|Any CPU.Build.0 = Release|Any CPU
	EndGlobalSection
	GlobalSection(NestedProjects) = preSolution
		{FB1141E1-9CDF-4E60-BBA3-347418F15451} = {0CCE3C17-9793-4826-9FD1-E9AF01DA032F}
		{457D653B-5178-4AD5-AB2F-5475C349B412} = {0CCE3C17-9793-4826-9FD1-E9AF01DA032F}
		{975D9A39-83BC-4FD1-9703-C7B90FF237D0} = {0CCE3C17-9793-4826-9FD1-E9AF01DA032F}
		{696F0500-7404-4215-950E-EF9A68880451} = {80E20B46-04B6-4505-BA08-4606410BBF07}
		{215D892F-7CFE-44DA-B0E5-CA06B8DDB306} = {80E20B46-04B6-4505-BA08-4606410BBF07}
		{4B5ADCDE-30EC-4E69-98F8-94A1EFAFD6EF} = {80E20B46-04B6-4505-BA08-4606410BBF07}
		{CA3FB62A-E952-4C50-B8CC-16C36AD455C7} = {66D26AF5-85D7-47A2-A128-FB0FDD7FDEA3}
	EndGlobalSection
EndGlobal
